{
  "name": "next-esx",
  "version": "1.0.1",
  "lockfileVersion": 1,
  "requires": true,
  "dependencies": {
    "acorn": {
      "version": "6.4.1",
      "resolved": "https://registry.npmjs.org/acorn/-/acorn-6.4.1.tgz",
      "integrity": "sha512-ZVA9k326Nwrj3Cj9jlh3wGFutC2ZornPNARZwsNYqQYgN0EsV2d53w5RN/co65Ohn4sUAUtb1rSUAOD6XN9idA=="
    },
    "acorn-jsx": {
      "version": "5.2.0",
      "resolved": "https://registry.npmjs.org/acorn-jsx/-/acorn-jsx-5.2.0.tgz",
      "integrity": "sha512-HiUX/+K2YpkpJ+SzBffkM/AQ2YE03S0U1kjTLVpoJdhZMOWy8qvXVN9JdLqv2QsaQ6MPYQIuNmwD8zOiYUofLQ=="
    },
    "babel-plugin-esx-browser": {
      "version": "1.0.5",
      "resolved": "https://registry.npmjs.org/babel-plugin-esx-browser/-/babel-plugin-esx-browser-1.0.5.tgz",
      "integrity": "sha512-Gc6ODHym1/hMmyZ8OdZCDqbXt8xYHVwlPuFeNixrmTNLttflhemHxfdXKcBy01daHkW0Jbd2pIWMxTEj6Ave1A==",
      "requires": {
        "babylon": "^6.18.0",
        "esx": "^2.1.0"
      }
    },
    "babel-plugin-esx-ssr": {
      "version": "1.0.0",
      "resolved": "https://registry.npmjs.org/babel-plugin-esx-ssr/-/babel-plugin-esx-ssr-1.0.0.tgz",
      "integrity": "sha512-t8xmU/BDFehquTZjKVsu4TfVv1hqWjG4s7rS25CE1dXYIX7GS5T1FGrtYtcGFUTXSbUz8oTRXhfHAbf83/abiQ==",
      "requires": {
        "babylon": "^6.18.0",
        "to-esx": "^1.0.6"
      }
    },
    "babylon": {
      "version": "6.18.0",
      "resolved": "https://registry.npmjs.org/babylon/-/babylon-6.18.0.tgz",
      "integrity": "sha512-q/UEjfGJ2Cm3oKV71DJz9d25TPnq5rhBVL2Q4fA5wcC3jcrdn7+SssEybFIxwAvvP+YCsCYNKughoF33GxgycQ=="
    },
    "debug": {
      "version": "4.1.1",
      "resolved": "https://registry.npmjs.org/debug/-/debug-4.1.1.tgz",
      "integrity": "sha512-pYAIzeRo8J6KPEaJ0VWOh5Pzkbw/RetuzehGM7QRRX5he4fPHx2rdKMB256ehJCkX+XRQm16eZLqLNS8RSZXZw==",
      "requires": {
        "ms": "^2.1.1"
      }
    },
    "esx": {
      "version": "2.3.3",
      "resolved": "https://registry.npmjs.org/esx/-/esx-2.3.3.tgz",
      "integrity": "sha512-2F4GdgCrwN5pL/5SIBeIPM6wnahmkjIweik9mfrT5XOaNS4LBbEiwTYP0p4M0OokqQGJpff8Z1T8zSnBOXanKg==",
      "requires": {
        "debug": "^4.1.0",
        "esx-optimize": "^1.0.0"
      }
    },
    "esx-optimize": {
      "version": "1.1.1",
      "resolved": "https://registry.npmjs.org/esx-optimize/-/esx-optimize-1.1.1.tgz",
      "integrity": "sha512-O2mQ4rZrNDrBRQ5PsoPdsuH1TvYxQSi8qYZ55S5wBzpTgQGX6h7HPyJVawJiV4YUqL4JcFuY4GyBBk2A0Qty8Q==",
      "requires": {
        "to-esx": "^1.0.3"
      }
    },
    "js-tokens": {
      "version": "4.0.0",
      "resolved": "https://registry.npmjs.org/js-tokens/-/js-tokens-4.0.0.tgz",
      "integrity": "sha512-RdJUflcE3cUzKiMqQgsCu06FPu9UdIJO0beYbPhHN4k6apgJtifcoCtT9bcxOpYBtpD2kCM6Sbzg4CausW/PKQ=="
    },
    "loose-envify": {
      "version": "1.4.0",
      "resolved": "https://registry.npmjs.org/loose-envify/-/loose-envify-1.4.0.tgz",
      "integrity": "sha512-lyuxPGr/Wfhrlem2CL/UcnUc1zcqKAImBDzukY7Y5F/yQiNdko6+fRLevlw1HgMySw7f611UIY408EtxRSoK3Q==",
      "requires": {
        "js-tokens": "^3.0.0 || ^4.0.0"
      }
    },
    "ms": {
      "version": "2.1.2",
      "resolved": "https://registry.npmjs.org/ms/-/ms-2.1.2.tgz",
      "integrity": "sha512-sGkPx+VjMtmA6MX27oA4FBFELFCZZ4S4XqeGOXCv68tT+jb3vk/RyaKWP0PTKyWtmLSM0b+adUTEvbs1PEaH2w=="
    },
    "object-assign": {
      "version": "4.1.1",
      "resolved": "https://registry.npmjs.org/object-assign/-/object-assign-4.1.1.tgz",
      "integrity": "sha1-IQmtx5ZYh8/AXLvUQsrIv7s2CGM="
    },
    "prop-types": {
      "version": "15.7.2",
      "resolved": "https://registry.npmjs.org/prop-types/-/prop-types-15.7.2.tgz",
      "integrity": "sha512-8QQikdH7//R2vurIJSutZ1smHYTcLpRWEOlHnzcWHmBYrOGUysKwSsrC89BCiFj3CbrfJ/nXFdJepOVrY1GCHQ==",
      "requires": {
        "loose-envify": "^1.4.0",
        "object-assign": "^4.1.1",
        "react-is": "^16.8.1"
      }
    },
    "react": {
      "version": "16.13.1",
      "resolved": "https://registry.npmjs.org/react/-/react-16.13.1.tgz",
      "integrity": "sha512-YMZQQq32xHLX0bz5Mnibv1/LHb3Sqzngu7xstSM+vrkE5Kzr9xE0yMByK5kMoTK30YVJE61WfbxIFFvfeDKT1w==",
      "requires": {
        "loose-envify": "^1.1.0",
        "object-assign": "^4.1.1",
        "prop-types": "^15.6.2"
      }
    },
    "react-is": {
      "version": "16.13.1",
      "resolved": "https://registry.npmjs.org/react-is/-/react-is-16.13.1.tgz",
      "integrity": "sha512-24e6ynE2H+OKt4kqsOvNd8kBpV65zoxbA4BVsEOB3ARVWQki/DHzaUoC5KuON/BiccDaCCTZBuOcfZs70kR8bQ=="
    },
    "resolve-from": {
      "version": "5.0.0",
      "resolved": "https://registry.npmjs.org/resolve-from/-/resolve-from-5.0.0.tgz",
      "integrity": "sha512-qYg9KP24dD5qka9J47d0aVky0N+b4fTU89LN9iDnjB5waksiC49rvMB0PrUJQGoTmH50XPiqOvAjDfaijGxYZw=="
    },
    "to-esx": {
      "version": "1.0.14",
      "resolved": "https://registry.npmjs.org/to-esx/-/to-esx-1.0.14.tgz",
      "integrity": "sha512-5A3f/Nt4psw5b1Fk3SSTDOyWfF6U3xoS7eD35Qzf4ZqjC+0Hfb7Bwp5XUMxaa0t1KpLZbAE0CETspVRHD7tMLg==",
      "requires": {
        "acorn": "^6.1.1",
        "acorn-jsx": "^5.0.1",
        "react": "^16.8.6"
      }
    }
  }
}
